github.com/BurntSushi/toml v1.6.0 h1:dRaEfpa2VI55EwlIW72hMRHdWouJeRF7TPYhI+AUQjk=
github.com/BurntSushi/toml v1.6.0/go.mod h1:ukJfTF/6rtPPRCnwkur4qwRxa8vTRFBF0uk2lLoLwho=
github.com/smm-h/go-toml-edit v0.2.2 h1:z+eR3WuVbZhJiJ1TprX4HwB+UI8/VT7wr5bItwGIwWo=
github.com/smm-h/go-toml-edit v0.2.2/go.mod h1:ateUuu33c4CaaB3XUQgsyuPEsIkAWRV8nahfZqpNhm4=
github.com/smm-h/strictcli/go v0.20.0 h1:9eVBG0L+fE6QiwaeHOt66pU1lp52DpKgpDE9NqHk6Do=
github.com/smm-h/strictcli/go v0.20.0/go.mod h1:CFDJB7rDMon5TFSn5JqCy7I2PYv43j/KQDs1OlE2Ezg=
github.com/toml-lang/toml-test/v2 v2.2.0 h1:q3ELZu7oPnpl9TClC6OOcAccXwj+jwAyFP8WvzBdK1M=
github.com/toml-lang/toml-test/v2 v2.2.0/go.mod h1:TQdjhQItoZ0R+OODNiHUuxxxErtaE0Xsod2ENZbMvxI=
golang.org/x/sys v0.46.0 h1:noSf2Fq6F8DBgS+LysIkx7rIExoNHJsxOAtPp4rthXw=
golang.org/x/sys v0.46.0/go.mod h1:4GL1E5IUh+htKOUEOaiffhrAeqysfVGipDYzABqnCmw=
